schema: '2.0'
stages:
  data_ingestion:
    cmd: python src/cnnClassifier/pipeline/stage_01_data_ingestion.py
    deps:
    - path: config/config.yaml
      hash: md5
      md5: fa90b6cf796b7a5433b59dd0fc33b5c3
      size: 828
    - path: src/cnnClassifier/pipeline/stage_01_data_ingestion.py
      hash: md5
      md5: 7b72d4fa7751663f4ee7cfbff103541e
      size: 1007
    outs:
    - path: artifacts/data_ingestion/Chicken-fecal-images
      hash: md5
      md5: 9e1f8dd2eae3c29e9d635df89d438ae4.dir
      size: 12207807
      nfiles: 390
  prepare_base_model:
    cmd: python src/cnnClassifier/pipeline/stage_02_prepare_base_model.py
    deps:
    - path: config/config.yaml
      hash: md5
      md5: fa90b6cf796b7a5433b59dd0fc33b5c3
      size: 828
    - path: src/cnnClassifier/pipeline/stage_02_prepare_base_model.py
      hash: md5
      md5: 16861e3ebf1c30e136624e465dadae9a
      size: 960
    params:
      params.yaml:
        CLASSES: 2
        IMAGE_SIZE:
        - 224
        - 224
        - 3
        INCLUDE_TOP: false
        LEARNING_RATE: 0.01
        WEIGHTS: imagenet
    outs:
    - path: artifacts/prepare_base_model
      hash: md5
      md5: 6e51e919b7ea83f88ebf35caaca7a951.dir
      size: 118059248
      nfiles: 2
  training:
    cmd: python src/cnnClassifier/pipeline/stage_03_training.py
    deps:
    - path: artifacts/data_ingestion/Chicken-fecal-images
      hash: md5
      md5: 9e1f8dd2eae3c29e9d635df89d438ae4.dir
      size: 12207807
      nfiles: 390
    - path: artifacts/prepare_base_model
      hash: md5
      md5: 6e51e919b7ea83f88ebf35caaca7a951.dir
      size: 118059248
      nfiles: 2
    - path: config/config.yaml
      hash: md5
      md5: fa90b6cf796b7a5433b59dd0fc33b5c3
      size: 828
    - path: src/cnnClassifier/components/prepare_callbacks.py
      hash: md5
      md5: 88bbd84df256786faba0864be96b0b24
      size: 917
    - path: src/cnnClassifier/pipeline/stage_03_training.py
      hash: md5
      md5: e71bb4f70c12a7aa9a6a6b36f6396396
      size: 1219
    params:
      params.yaml:
        AUGMENTATION: true
        BATCH_SIZE: 16
        EPOCHS: 1
        IMAGE_SIZE:
        - 224
        - 224
        - 3
    outs:
    - path: artifacts/training/model.h5
      hash: md5
      md5: ccb52bccaf708615a8f609622babf708
      size: 59340720
  evaluation:
    cmd: python src/cnnClassifier/pipeline/stage_04_evaluation.py
    deps:
    - path: artifacts/data_ingestion/Chicken-fecal-images
      hash: md5
      md5: 9e1f8dd2eae3c29e9d635df89d438ae4.dir
      size: 12207807
      nfiles: 390
    - path: artifacts/training/model.h5
      hash: md5
      md5: ccb52bccaf708615a8f609622babf708
      size: 59340720
    - path: config/config.yaml
      hash: md5
      md5: fa90b6cf796b7a5433b59dd0fc33b5c3
      size: 828
    - path: src/cnnClassifier/pipeline/stage_04_evaluation.py
      hash: md5
      md5: fea17703e2fdfec6dbecc89797d84f48
      size: 834
    params:
      params.yaml:
        BATCH_SIZE: 16
        IMAGE_SIZE:
        - 224
        - 224
        - 3
    outs:
    - path: scores.json
      hash: md5
      md5: 11a08c2cb78b01f9c1e2ae7cd2375f7f
      size: 73
